// !$*UTF8*$!
{
	archiveVersion = 1;
	classes = {
	};
	objectVersion = 56;
	objects = {

/* Begin PBXBuildFile section */
		B234B6582AA35A2F00F3904F /* ProfileHeaderView.swift in Sources */ = {isa = PBXBuildFile; fileRef = B234B6572AA35A2F00F3904F /* ProfileHeaderView.swift */; };
		B274C2CB2A99FD9200D872F4 /* AppDelegate.swift in Sources */ = {isa = PBXBuildFile; fileRef = B274C2CA2A99FD9200D872F4 /* AppDelegate.swift */; };
		B274C2CD2A99FD9200D872F4 /* SceneDelegate.swift in Sources */ = {isa = PBXBuildFile; fileRef = B274C2CC2A99FD9200D872F4 /* SceneDelegate.swift */; };
		B274C2D42A99FD9400D872F4 /* Assets.xcassets in Resources */ = {isa = PBXBuildFile; fileRef = B274C2D32A99FD9400D872F4 /* Assets.xcassets */; };
		B274C2D72A99FD9400D872F4 /* LaunchScreen.storyboard in Resources */ = {isa = PBXBuildFile; fileRef = B274C2D52A99FD9400D872F4 /* LaunchScreen.storyboard */; };
		B274C2DF2A9A27BB00D872F4 /* FeedViewController.swift in Sources */ = {isa = PBXBuildFile; fileRef = B274C2DE2A9A27BB00D872F4 /* FeedViewController.swift */; };
		B274C2E12A9A27C300D872F4 /* ProfileViewController.swift in Sources */ = {isa = PBXBuildFile; fileRef = B274C2E02A9A27C300D872F4 /* ProfileViewController.swift */; };
		B274C2E32A9B553B00D872F4 /* PostViewController.swift in Sources */ = {isa = PBXBuildFile; fileRef = B274C2E22A9B553B00D872F4 /* PostViewController.swift */; };
		B274C2E52A9C862200D872F4 /* InfoViewController.swift in Sources */ = {isa = PBXBuildFile; fileRef = B274C2E42A9C862200D872F4 /* InfoViewController.swift */; };
		B274C2E72A9CBADC00D872F4 /* UiAllertViewController.swift in Sources */ = {isa = PBXBuildFile; fileRef = B274C2E62A9CBADC00D872F4 /* UiAllertViewController.swift */; };
		B2909C312AA86CB000985A6B /* UIPostButton.swift in Sources */ = {isa = PBXBuildFile; fileRef = B2909C302AA86CB000985A6B /* UIPostButton.swift */; };
		B2909C332AAB393B00985A6B /* LogInViewController.swift in Sources */ = {isa = PBXBuildFile; fileRef = B2909C322AAB393B00985A6B /* LogInViewController.swift */; };
		B2909C352AAB3B7200985A6B /* LoginView.swift in Sources */ = {isa = PBXBuildFile; fileRef = B2909C342AAB3B7200985A6B /* LoginView.swift */; };
		B2909C382AAB5BCA00985A6B /* TextFieldView.swift in Sources */ = {isa = PBXBuildFile; fileRef = B2909C372AAB5BCA00985A6B /* TextFieldView.swift */; };
/* End PBXBuildFile section */

/* Begin PBXFileReference section */
		B234B6572AA35A2F00F3904F /* ProfileHeaderView.swift */ = {isa = PBXFileReference; lastKnownFileType = sourcecode.swift; path = ProfileHeaderView.swift; sourceTree = "<group>"; };
		B274C2C72A99FD9200D872F4 /* Navigation.app */ = {isa = PBXFileReference; explicitFileType = wrapper.application; includeInIndex = 0; path = Navigation.app; sourceTree = BUILT_PRODUCTS_DIR; };
		B274C2CA2A99FD9200D872F4 /* AppDelegate.swift */ = {isa = PBXFileReference; lastKnownFileType = sourcecode.swift; path = AppDelegate.swift; sourceTree = "<group>"; };
		B274C2CC2A99FD9200D872F4 /* SceneDelegate.swift */ = {isa = PBXFileReference; lastKnownFileType = sourcecode.swift; path = SceneDelegate.swift; sourceTree = "<group>"; };
		B274C2D32A99FD9400D872F4 /* Assets.xcassets */ = {isa = PBXFileReference; lastKnownFileType = folder.assetcatalog; path = Assets.xcassets; sourceTree = "<group>"; };
		B274C2D62A99FD9400D872F4 /* Base */ = {isa = PBXFileReference; lastKnownFileType = file.storyboard; name = Base; path = Base.lproj/LaunchScreen.storyboard; sourceTree = "<group>"; };
		B274C2D82A99FD9400D872F4 /* Info.plist */ = {isa = PBXFileReference; lastKnownFileType = text.plist.xml; path = Info.plist; sourceTree = "<group>"; };
		B274C2DE2A9A27BB00D872F4 /* FeedViewController.swift */ = {isa = PBXFileReference; lastKnownFileType = sourcecode.swift; path = FeedViewController.swift; sourceTree = "<group>"; };
		B274C2E02A9A27C300D872F4 /* ProfileViewController.swift */ = {isa = PBXFileReference; lastKnownFileType = sourcecode.swift; path = ProfileViewController.swift; sourceTree = "<group>"; };
		B274C2E22A9B553B00D872F4 /* PostViewController.swift */ = {isa = PBXFileReference; lastKnownFileType = sourcecode.swift; path = PostViewController.swift; sourceTree = "<group>"; };
		B274C2E42A9C862200D872F4 /* InfoViewController.swift */ = {isa = PBXFileReference; lastKnownFileType = sourcecode.swift; path = InfoViewController.swift; sourceTree = "<group>"; };
		B274C2E62A9CBADC00D872F4 /* UiAllertViewController.swift */ = {isa = PBXFileReference; lastKnownFileType = sourcecode.swift; path = UiAllertViewController.swift; sourceTree = "<group>"; };
		B2909C302AA86CB000985A6B /* UIPostButton.swift */ = {isa = PBXFileReference; lastKnownFileType = sourcecode.swift; path = UIPostButton.swift; sourceTree = "<group>"; };
		B2909C322AAB393B00985A6B /* LogInViewController.swift */ = {isa = PBXFileReference; lastKnownFileType = sourcecode.swift; path = LogInViewController.swift; sourceTree = "<group>"; };
		B2909C342AAB3B7200985A6B /* LoginView.swift */ = {isa = PBXFileReference; lastKnownFileType = sourcecode.swift; path = LoginView.swift; sourceTree = "<group>"; };
		B2909C372AAB5BCA00985A6B /* TextFieldView.swift */ = {isa = PBXFileReference; lastKnownFileType = sourcecode.swift; path = TextFieldView.swift; sourceTree = "<group>"; };
/* End PBXFileReference section */

/* Begin PBXFrameworksBuildPhase section */
		B274C2C42A99FD9200D872F4 /* Frameworks */ = {
			isa = PBXFrameworksBuildPhase;
			buildActionMask = 2147483647;
			files = (
			);
			runOnlyForDeploymentPostprocessing = 0;
		};
/* End PBXFrameworksBuildPhase section */

/* Begin PBXGroup section */
		B234B6552AA3590D00F3904F /* Profile */ = {
			isa = PBXGroup;
			children = (
				B234B6572AA35A2F00F3904F /* ProfileHeaderView.swift */,
				B274C2E02A9A27C300D872F4 /* ProfileViewController.swift */,
			);
			path = Profile;
			sourceTree = "<group>";
		};
		B234B6562AA3592700F3904F /* Feed */ = {
			isa = PBXGroup;
			children = (
				B2909C302AA86CB000985A6B /* UIPostButton.swift */,
				B274C2DE2A9A27BB00D872F4 /* FeedViewController.swift */,
				B274C2E22A9B553B00D872F4 /* PostViewController.swift */,
				B274C2E42A9C862200D872F4 /* InfoViewController.swift */,
				B274C2E62A9CBADC00D872F4 /* UiAllertViewController.swift */,
			);
			path = Feed;
			sourceTree = "<group>";
		};
		B274C2BE2A99FD9200D872F4 = {
			isa = PBXGroup;
			children = (
				B274C2C92A99FD9200D872F4 /* Navigation */,
				B274C2C82A99FD9200D872F4 /* Products */,
			);
			sourceTree = "<group>";
		};
		B274C2C82A99FD9200D872F4 /* Products */ = {
			isa = PBXGroup;
			children = (
				B274C2C72A99FD9200D872F4 /* Navigation.app */,
			);
			name = Products;
			sourceTree = "<group>";
		};
		B274C2C92A99FD9200D872F4 /* Navigation */ = {
			isa = PBXGroup;
			children = (
				B2909C2F2AA5E08300985A6B /* Main Scene */,
				B234B6562AA3592700F3904F /* Feed */,
				B2909C362AAB52BF00985A6B /* LogIn */,
				B234B6552AA3590D00F3904F /* Profile */,
				B274C2D32A99FD9400D872F4 /* Assets.xcassets */,
				B274C2D82A99FD9400D872F4 /* Info.plist */,
			);
			path = Navigation;
			sourceTree = "<group>";
		};
		B2909C2F2AA5E08300985A6B /* Main Scene */ = {
			isa = PBXGroup;
			children = (
				B274C2CA2A99FD9200D872F4 /* AppDelegate.swift */,
				B274C2CC2A99FD9200D872F4 /* SceneDelegate.swift */,
				B274C2D52A99FD9400D872F4 /* LaunchScreen.storyboard */,
			);
			path = "Main Scene";
			sourceTree = "<group>";
		};
		B2909C362AAB52BF00985A6B /* LogIn */ = {
			isa = PBXGroup;
			children = (
				B2909C342AAB3B7200985A6B /* LoginView.swift */,
				B2909C372AAB5BCA00985A6B /* TextFieldView.swift */,
				B2909C322AAB393B00985A6B /* LogInViewController.swift */,
			);
			path = LogIn;
			sourceTree = "<group>";
		};
/* End PBXGroup section */

/* Begin PBXNativeTarget section */
		B274C2C62A99FD9200D872F4 /* Navigation */ = {
			isa = PBXNativeTarget;
			buildConfigurationList = B274C2DB2A99FD9400D872F4 /* Build configuration list for PBXNativeTarget "Navigation" */;
			buildPhases = (
				B274C2C32A99FD9200D872F4 /* Sources */,
				B274C2C42A99FD9200D872F4 /* Frameworks */,
				B274C2C52A99FD9200D872F4 /* Resources */,
			);
			buildRules = (
			);
			dependencies = (
			);
			name = Navigation;
			productName = Navigation;
			productReference = B274C2C72A99FD9200D872F4 /* Navigation.app */;
			productType = "com.apple.product-type.application";
		};
/* End PBXNativeTarget section */

/* Begin PBXProject section */
		B274C2BF2A99FD9200D872F4 /* Project object */ = {
			isa = PBXProject;
			attributes = {
				BuildIndependentTargetsInParallel = 1;
				LastSwiftUpdateCheck = 1430;
				LastUpgradeCheck = 1430;
				TargetAttributes = {
					B274C2C62A99FD9200D872F4 = {
						CreatedOnToolsVersion = 14.3.1;
					};
				};
			};
			buildConfigurationList = B274C2C22A99FD9200D872F4 /* Build configuration list for PBXProject "Navigation" */;
			compatibilityVersion = "Xcode 14.0";
			developmentRegion = en;
			hasScannedForEncodings = 0;
			knownRegions = (
				en,
				Base,
			);
			mainGroup = B274C2BE2A99FD9200D872F4;
			productRefGroup = B274C2C82A99FD9200D872F4 /* Products */;
			projectDirPath = "";
			projectRoot = "";
			targets = (
				B274C2C62A99FD9200D872F4 /* Navigation */,
			);
		};
/* End PBXProject section */

/* Begin PBXResourcesBuildPhase section */
		B274C2C52A99FD9200D872F4 /* Resources */ = {
			isa = PBXResourcesBuildPhase;
			buildActionMask = 2147483647;
			files = (
				B274C2D72A99FD9400D872F4 /* LaunchScreen.storyboard in Resources */,
				B274C2D42A99FD9400D872F4 /* Assets.xcassets in Resources */,
			);
			runOnlyForDeploymentPostprocessing = 0;
		};
/* End PBXResourcesBuildPhase section */

/* Begin PBXSourcesBuildPhase section */
		B274C2C32A99FD9200D872F4 /* Sources */ = {
			isa = PBXSourcesBuildPhase;
			buildActionMask = 2147483647;
			files = (
				B274C2CB2A99FD9200D872F4 /* AppDelegate.swift in Sources */,
				B274C2E12A9A27C300D872F4 /* ProfileViewController.swift in Sources */,
				B2909C382AAB5BCA00985A6B /* TextFieldView.swift in Sources */,
				B274C2E72A9CBADC00D872F4 /* UiAllertViewController.swift in Sources */,
				B274C2DF2A9A27BB00D872F4 /* FeedViewController.swift in Sources */,
				B274C2CD2A99FD9200D872F4 /* SceneDelegate.swift in Sources */,
				B274C2E52A9C862200D872F4 /* InfoViewController.swift in Sources */,
				B274C2E32A9B553B00D872F4 /* PostViewController.swift in Sources */,
				B234B6582AA35A2F00F3904F /* ProfileHeaderView.swift in Sources */,
				B2909C352AAB3B7200985A6B /* LoginView.swift in Sources */,
				B2909C332AAB393B00985A6B /* LogInViewController.swift in Sources */,
				B2909C312AA86CB000985A6B /* UIPostButton.swift in Sources */,
			);
			runOnlyForDeploymentPostprocessing = 0;
		};
/* End PBXSourcesBuildPhase section */

/* Begin PBXVariantGroup section */
		B274C2D52A99FD9400D872F4 /* LaunchScreen.storyboard */ = {
			isa = PBXVariantGroup;
			children = (
				B274C2D62A99FD9400D872F4 /* Base */,
			);
			name = LaunchScreen.storyboard;
			sourceTree = "<group>";
		};
/* End PBXVariantGroup section */

/* Begin XCBuildConfiguration section */
		B274C2D92A99FD9400D872F4 /* Debug */ = {
			isa = XCBuildConfiguration;
			buildSettings = {
				ALWAYS_SEARCH_USER_PATHS = NO;
				CLANG_ANALYZER_NONNULL = YES;
				CLANG_ANALYZER_NUMBER_OBJECT_CONVERSION = YES_AGGRESSIVE;
				CLANG_CXX_LANGUAGE_STANDARD = "gnu++20";
				CLANG_ENABLE_MODULES = YES;
				CLANG_ENABLE_OBJC_ARC = YES;
				CLANG_ENABLE_OBJC_WEAK = YES;
				CLANG_WARN_BLOCK_CAPTURE_AUTORELEASING = YES;
				CLANG_WARN_BOOL_CONVERSION = YES;
				CLANG_WARN_COMMA = YES;
				CLANG_WARN_CONSTANT_CONVERSION = YES;
				CLANG_WARN_DEPRECATED_OBJC_IMPLEMENTATIONS = YES;
				CLANG_WARN_DIRECT_OBJC_ISA_USAGE = YES_ERROR;
				CLANG_WARN_DOCUMENTATION_COMMENTS = YES;
				CLANG_WARN_EMPTY_BODY = YES;
				CLANG_WARN_ENUM_CONVERSION = YES;
				CLANG_WARN_INFINITE_RECURSION = YES;
				CLANG_WARN_INT_CONVERSION = YES;
				CLANG_WARN_NON_LITERAL_NULL_CONVERSION = YES;
				CLANG_WARN_OBJC_IMPLICIT_RETAIN_SELF = YES;
				CLANG_WARN_OBJC_LITERAL_CONVERSION = YES;
				CLANG_WARN_OBJC_ROOT_CLASS = YES_ERROR;
				CLANG_WARN_QUOTED_INCLUDE_IN_FRAMEWORK_HEADER = YES;
				CLANG_WARN_RANGE_LOOP_ANALYSIS = YES;
				CLANG_WARN_STRICT_PROTOTYPES = YES;
				CLANG_WARN_SUSPICIOUS_MOVE = YES;
				CLANG_WARN_UNGUARDED_AVAILABILITY = YES_AGGRESSIVE;
				CLANG_WARN_UNREACHABLE_CODE = YES;
				CLANG_WARN__DUPLICATE_METHOD_MATCH = YES;
				COPY_PHASE_STRIP = NO;
				DEBUG_INFORMATION_FORMAT = dwarf;
				ENABLE_STRICT_OBJC_MSGSEND = YES;
				ENABLE_TESTABILITY = YES;
				GCC_C_LANGUAGE_STANDARD = gnu11;
				GCC_DYNAMIC_NO_PIC = NO;
				GCC_NO_COMMON_BLOCKS = YES;
				GCC_OPTIMIZATION_LEVEL = 0;
				GCC_PREPROCESSOR_DEFINITIONS = (
					"DEBUG=1",
					"$(inherited)",
				);
				GCC_WARN_64_TO_32_BIT_CONVERSION = YES;
				GCC_WARN_ABOUT_RETURN_TYPE = YES_ERROR;
				GCC_WARN_UNDECLARED_SELECTOR = YES;
				GCC_WARN_UNINITIALIZED_AUTOS = YES_AGGRESSIVE;
				GCC_WARN_UNUSED_FUNCTION = YES;
				GCC_WARN_UNUSED_VARIABLE = YES;
				IPHONEOS_DEPLOYMENT_TARGET = 16.4;
				MTL_ENABLE_DEBUG_INFO = INCLUDE_SOURCE;
				MTL_FAST_MATH = YES;
				ONLY_ACTIVE_ARCH = YES;
				SDKROOT = iphoneos;
				SWIFT_ACTIVE_COMPILATION_CONDITIONS = DEBUG;
				SWIFT_OPTIMIZATION_LEVEL = "-Onone";
			};
			name = Debug;
		};
		B274C2DA2A99FD9400D872F4 /* Release */ = {
			isa = XCBuildConfiguration;
			buildSettings = {
				ALWAYS_SEARCH_USER_PATHS = NO;
				CLANG_ANALYZER_NONNULL = YES;
				CLANG_ANALYZER_NUMBER_OBJECT_CONVERSION = YES_AGGRESSIVE;
				CLANG_CXX_LANGUAGE_STANDARD = "gnu++20";
				CLANG_ENABLE_MODULES = YES;
				CLANG_ENABLE_OBJC_ARC = YES;
				CLANG_ENABLE_OBJC_WEAK = YES;
				CLANG_WARN_BLOCK_CAPTURE_AUTORELEASING = YES;
				CLANG_WARN_BOOL_CONVERSION = YES;
				CLANG_WARN_COMMA = YES;
				CLANG_WARN_CONSTANT_CONVERSION = YES;
				CLANG_WARN_DEPRECATED_OBJC_IMPLEMENTATIONS = YES;
				CLANG_WARN_DIRECT_OBJC_ISA_USAGE = YES_ERROR;
				CLANG_WARN_DOCUMENTATION_COMMENTS = YES;
				CLANG_WARN_EMPTY_BODY = YES;
				CLANG_WARN_ENUM_CONVERSION = YES;
				CLANG_WARN_INFINITE_RECURSION = YES;
				CLANG_WARN_INT_CONVERSION = YES;
				CLANG_WARN_NON_LITERAL_NULL_CONVERSION = YES;
				CLANG_WARN_OBJC_IMPLICIT_RETAIN_SELF = YES;
				CLANG_WARN_OBJC_LITERAL_CONVERSION = YES;
				CLANG_WARN_OBJC_ROOT_CLASS = YES_ERROR;
				CLANG_WARN_QUOTED_INCLUDE_IN_FRAMEWORK_HEADER = YES;
				CLANG_WARN_RANGE_LOOP_ANALYSIS = YES;
				CLANG_WARN_STRICT_PROTOTYPES = YES;
				CLANG_WARN_SUSPICIOUS_MOVE = YES;
				CLANG_WARN_UNGUARDED_AVAILABILITY = YES_AGGRESSIVE;
				CLANG_WARN_UNREACHABLE_CODE = YES;
				CLANG_WARN__DUPLICATE_METHOD_MATCH = YES;
				COPY_PHASE_STRIP = NO;
				DEBUG_INFORMATION_FORMAT = "dwarf-with-dsym";
				ENABLE_NS_ASSERTIONS = NO;
				ENABLE_STRICT_OBJC_MSGSEND = YES;
				GCC_C_LANGUAGE_STANDARD = gnu11;
				GCC_NO_COMMON_BLOCKS = YES;
				GCC_WARN_64_TO_32_BIT_CONVERSION = YES;
				GCC_WARN_ABOUT_RETURN_TYPE = YES_ERROR;
				GCC_WARN_UNDECLARED_SELECTOR = YES;
				GCC_WARN_UNINITIALIZED_AUTOS = YES_AGGRESSIVE;
				GCC_WARN_UNUSED_FUNCTION = YES;
				GCC_WARN_UNUSED_VARIABLE = YES;
				IPHONEOS_DEPLOYMENT_TARGET = 16.4;
				MTL_ENABLE_DEBUG_INFO = NO;
				MTL_FAST_MATH = YES;
				SDKROOT = iphoneos;
				SWIFT_COMPILATION_MODE = wholemodule;
				SWIFT_OPTIMIZATION_LEVEL = "-O";
				VALIDATE_PRODUCT = YES;
			};
			name = Release;
		};
		B274C2DC2A99FD9400D872F4 /* Debug */ = {
			isa = XCBuildConfiguration;
			buildSettings = {
				ASSETCATALOG_COMPILER_APPICON_NAME = AppIcon;
				ASSETCATALOG_COMPILER_GLOBAL_ACCENT_COLOR_NAME = AccentColor;
				CODE_SIGN_STYLE = Automatic;
				CURRENT_PROJECT_VERSION = 1;
				DEVELOPMENT_TEAM = Y6VX64W3KZ;
				GENERATE_INFOPLIST_FILE = YES;
				INFOPLIST_FILE = Navigation/Info.plist;
				INFOPLIST_KEY_UIApplicationSupportsIndirectInputEvents = YES;
				INFOPLIST_KEY_UILaunchStoryboardName = LaunchScreen;
				INFOPLIST_KEY_UISupportedInterfaceOrientations_iPad = "UIInterfaceOrientationPortrait UIInterfaceOrientationPortraitUpsideDown UIInterfaceOrientationLandscapeLeft UIInterfaceOrientationLandscapeRight";
				INFOPLIST_KEY_UISupportedInterfaceOrientations_iPhone = "UIInterfaceOrientationPortrait UIInterfaceOrientationLandscapeLeft UIInterfaceOrientationLandscapeRight";
				LD_RUNPATH_SEARCH_PATHS = (
					"$(inherited)",
					"@executable_path/Frameworks",
				);
				MARKETING_VERSION = 1.0;
				PRODUCT_BUNDLE_IDENTIFIER = NetologyLessoins.Navigation;
				PRODUCT_NAME = "$(TARGET_NAME)";
				SWIFT_EMIT_LOC_STRINGS = YES;
				SWIFT_VERSION = 5.0;
				TARGETED_DEVICE_FAMILY = "1,2";
			};
			name = Debug;
		};
		B274C2DD2A99FD9400D872F4 /* Release */ = {
			isa = XCBuildConfiguration;
			buildSettings = {
				ASSETCATALOG_COMPILER_APPICON_NAME = AppIcon;
				ASSETCATALOG_COMPILER_GLOBAL_ACCENT_COLOR_NAME = AccentColor;
				CODE_SIGN_STYLE = Automatic;
				CURRENT_PROJECT_VERSION = 1;
				DEVELOPMENT_TEAM = Y6VX64W3KZ;
				GENERATE_INFOPLIST_FILE = YES;
				INFOPLIST_FILE = Navigation/Info.plist;
				INFOPLIST_KEY_UIApplicationSupportsIndirectInputEvents = YES;
				INFOPLIST_KEY_UILaunchStoryboardName = LaunchScreen;
				INFOPLIST_KEY_UISupportedInterfaceOrientations_iPad = "UIInterfaceOrientationPortrait UIInterfaceOrientationPortraitUpsideDown UIInterfaceOrientationLandscapeLeft UIInterfaceOrientationLandscapeRight";
				INFOPLIST_KEY_UISupportedInterfaceOrientations_iPhone = "UIInterfaceOrientationPortrait UIInterfaceOrientationLandscapeLeft UIInterfaceOrientationLandscapeRight";
				LD_RUNPATH_SEARCH_PATHS = (
					"$(inherited)",
					"@executable_path/Frameworks",
				);
				MARKETING_VERSION = 1.0;
				PRODUCT_BUNDLE_IDENTIFIER = NetologyLessoins.Navigation;
				PRODUCT_NAME = "$(TARGET_NAME)";
				SWIFT_EMIT_LOC_STRINGS = YES;
				SWIFT_VERSION = 5.0;
				TARGETED_DEVICE_FAMILY = "1,2";
			};
			name = Release;
		};
/* End XCBuildConfiguration section */

/* Begin XCConfigurationList section */
		B274C2C22A99FD9200D872F4 /* Build configuration list for PBXProject "Navigation" */ = {
			isa = XCConfigurationList;
			buildConfigurations = (
				B274C2D92A99FD9400D872F4 /* Debug */,
				B274C2DA2A99FD9400D872F4 /* Release */,
			);
			defaultConfigurationIsVisible = 0;
			defaultConfigurationName = Release;
		};
		B274C2DB2A99FD9400D872F4 /* Build configuration list for PBXNativeTarget "Navigation" */ = {
			isa = XCConfigurationList;
			buildConfigurations = (
				B274C2DC2A99FD9400D872F4 /* Debug */,
				B274C2DD2A99FD9400D872F4 /* Release */,
			);
			defaultConfigurationIsVisible = 0;
			defaultConfigurationName = Release;
		};
/* End XCConfigurationList section */
	};
	rootObject = B274C2BF2A99FD9200D872F4 /* Project object */;
}
